
Microsoft Visual Studio Solution File, Format Version 12.00
# Visual Studio 15
VisualStudioVersion = 15.0.27703.2026
MinimumVisualStudioVersion = 10.0.40219.1
Project("{FAE04EC0-301F-11D3-BF4B-00C04F79EFBC}") = "TimeAttendanceImportExport", "Test_2\TimeAttendanceImportExport.csproj", "{AE3F9EE7-C886-41B0-AA27-4C1AC18DEE48}"
EndProject
Global
	GlobalSection(SolutionConfigurationPlatforms) = preSolution
		Debug|Any CPU = Debug|Any CPU
		Release|Any CPU = Release|Any CPU
	EndGlobalSection
	GlobalSection(ProjectConfigurationPlatforms) = postSolution
		{AE3F9EE7-C886-41B0-AA27-4C1AC18DEE48}.Debug|Any CPU.ActiveCfg = Debug|Any CPU
		{AE3F9EE7-C886-41B0-AA27-4C1AC18DEE48}.Debug|Any CPU.Build.0 = Debug|Any CPU
		{AE3F9EE7-C886-41B0-AA27-4C1AC18DEE48}.Release|Any CPU.ActiveCfg = Release|Any CPU
		{AE3F9EE7-C886-41B0-AA27-4C1AC18DEE48}.Release|Any CPU.Build.0 = Release|Any CPU
	EndGlobalSection
	GlobalSection(SolutionProperties) = preSolution
		HideSolutionNode = FALSE
	EndGlobalSection
	GlobalSection(ExtensibilityGlobals) = postSolution
		SolutionGuid = {6F08174B-0D6B-4A0F-974C-B29D82C85C10}
	EndGlobalSection
EndGlobal
